
Microsoft Visual Studio Solution File, Format Version 12.00
# Visual Studio Version 16
VisualStudioVersion = 16.0.810.16
MinimumVisualStudioVersion = 10.0.40219.1
Project("{FAE04EC0-301F-11D3-BF4B-00C04F79EFBC}") = "Trackplan", "Trackplan\Trackplan.csproj", "{9BCE35D3-D241-490C-876D-CBB9277D691D}"
EndProject
Global
	GlobalSection(SolutionConfigurationPlatforms) = preSolution
		Debug|Any CPU = Debug|Any CPU
		Release|Any CPU = Release|Any CPU
	EndGlobalSection
	GlobalSection(ProjectConfigurationPlatforms) = postSolution
		{9BCE35D3-D241-490C-876D-CBB9277D691D}.Debug|Any CPU.ActiveCfg = Debug|Any CPU
		{9BCE35D3-D241-490C-876D-CBB9277D691D}.Debug|Any CPU.Build.0 = Debug|Any CPU
		{9BCE35D3-D241-490C-876D-CBB9277D691D}.Release|Any CPU.ActiveCfg = Release|Any CPU
		{9BCE35D3-D241-490C-876D-CBB9277D691D}.Release|Any CPU.Build.0 = Release|Any CPU
	EndGlobalSection
	GlobalSection(SolutionProperties) = preSolution
		HideSolutionNode = FALSE
	EndGlobalSection
	GlobalSection(ExtensibilityGlobals) = postSolution
		SolutionGuid = {F209BEBF-1A6F-47F1-918B-F037F34EFCFE}
	EndGlobalSection
EndGlobal
